hash: a5426df03cf52265e906b11d586006546ec7b0adbf80fc49999155288a1a8b3e
updated: 2016-03-06T13:57:19.933812712+11:00
imports:
- name: github.com/jinzhu/gorm
  version: f8377d80bf0d73b981c7ec39b7483776feedf79b
- name: github.com/manyminds/api2go
  version: 0f0aba686fffe91897ee4b7e1d682efbfcbac7fd
devImports: []
